
Microsoft Visual Studio Solution File, Format Version 12.00
# Visual Studio Version 17
VisualStudioVersion = 17.11.35303.130
MinimumVisualStudioVersion = 10.0.40219.1
Project("{FAE04EC0-301F-11D3-BF4B-00C04F79EFBC}") = "COMP3300Assignment9PerrinOwens", "COMP3300Assignment9PerrinOwens.csproj", "{28505FB4-3BF0-4C95-8E0F-56D10FC4FE20}"
EndProject
Global
	GlobalSection(SolutionConfigurationPlatforms) = preSolution
		Debug|Any CPU = Debug|Any CPU
		Release|Any CPU = Release|Any CPU
	EndGlobalSection
	GlobalSection(ProjectConfigurationPlatforms) = postSolution
		{28505FB4-3BF0-4C95-8E0F-56D10FC4FE20}.Debug|Any CPU.ActiveCfg = Debug|Any CPU
		{28505FB4-3BF0-4C95-8E0F-56D10FC4FE20}.Debug|Any CPU.Build.0 = Debug|Any CPU
		{28505FB4-3BF0-4C95-8E0F-56D10FC4FE20}.Release|Any CPU.ActiveCfg = Release|Any CPU
		{28505FB4-3BF0-4C95-8E0F-56D10FC4FE20}.Release|Any CPU.Build.0 = Release|Any CPU
	EndGlobalSection
	GlobalSection(SolutionProperties) = preSolution
		HideSolutionNode = FALSE
	EndGlobalSection
	GlobalSection(ExtensibilityGlobals) = postSolution
		SolutionGuid = {AE0337FC-5BE0-427E-A9D6-9EB68A4AA150}
	EndGlobalSection
EndGlobal
